
Microsoft Visual Studio Solution File, Format Version 12.00
# Visual Studio 14
VisualStudioVersion = 14.0.25420.1
MinimumVisualStudioVersion = 10.0.40219.1
Project("{FAE04EC0-301F-11D3-BF4B-00C04F79EFBC}") = "1.FactoryPattern", "FactoryPattern\1.FactoryPattern.csproj", "{2CF120CE-2551-416A-8331-90F2D978506F}"
EndProject
Project("{FAE04EC0-301F-11D3-BF4B-00C04F79EFBC}") = "AbstractFactoryPattern", "AbstractFactoryPattern\AbstractFactoryPattern.csproj", "{D184C440-14D3-44A8-9AFC-ECB6EC7B57C3}"
EndProject
Project("{FAE04EC0-301F-11D3-BF4B-00C04F79EFBC}") = "SingleObjectPattern", "SingleObjectPattern\SingleObjectPattern.csproj", "{7F219D29-A94F-40C8-826B-BDA0209512EF}"
EndProject
Project("{FAE04EC0-301F-11D3-BF4B-00C04F79EFBC}") = "AdapterPattern", "AdapterPattern\AdapterPattern.csproj", "{29F106DB-7554-4373-8116-702799F0E7C2}"
EndProject
Project("{FAE04EC0-301F-11D3-BF4B-00C04F79EFBC}") = "AdapterPattern2", "AdapterPattern2\AdapterPattern2.csproj", "{604BD55E-2CFE-4CEF-A7EE-9C35EA92BA29}"
EndProject
Project("{FAE04EC0-301F-11D3-BF4B-00C04F79EFBC}") = "ObserverPattern", "ObserverPattern\ObserverPattern.csproj", "{B499AF92-F4FC-4970-82A2-B77061BBDA06}"
EndProject
Global
	GlobalSection(SolutionConfigurationPlatforms) = preSolution
		Debug|Any CPU = Debug|Any CPU
		Release|Any CPU = Release|Any CPU
	EndGlobalSection
	GlobalSection(ProjectConfigurationPlatforms) = postSolution
		{2CF120CE-2551-416A-8331-90F2D978506F}.Debug|Any CPU.ActiveCfg = Debug|Any CPU
		{2CF120CE-2551-416A-8331-90F2D978506F}.Debug|Any CPU.Build.0 = Debug|Any CPU
		{2CF120CE-2551-416A-8331-90F2D978506F}.Release|Any CPU.ActiveCfg = Release|Any CPU
		{2CF120CE-2551-416A-8331-90F2D978506F}.Release|Any CPU.Build.0 = Release|Any CPU
		{D184C440-14D3-44A8-9AFC-ECB6EC7B57C3}.Debug|Any CPU.ActiveCfg = Debug|Any CPU
		{D184C440-14D3-44A8-9AFC-ECB6EC7B57C3}.Debug|Any CPU.Build.0 = Debug|Any CPU
		{D184C440-14D3-44A8-9AFC-ECB6EC7B57C3}.Release|Any CPU.ActiveCfg = Release|Any CPU
		{D184C440-14D3-44A8-9AFC-ECB6EC7B57C3}.Release|Any CPU.Build.0 = Release|Any CPU
		{7F219D29-A94F-40C8-826B-BDA0209512EF}.Debug|Any CPU.ActiveCfg = Debug|Any CPU
		{7F219D29-A94F-40C8-826B-BDA0209512EF}.Debug|Any CPU.Build.0 = Debug|Any CPU
		{7F219D29-A94F-40C8-826B-BDA0209512EF}.Release|Any CPU.ActiveCfg = Release|Any CPU
		{7F219D29-A94F-40C8-826B-BDA0209512EF}.Release|Any CPU.Build.0 = Release|Any CPU
		{29F106DB-7554-4373-8116-702799F0E7C2}.Debug|Any CPU.ActiveCfg = Debug|Any CPU
		{29F106DB-7554-4373-8116-702799F0E7C2}.Debug|Any CPU.Build.0 = Debug|Any CPU
		{29F106DB-7554-4373-8116-702799F0E7C2}.Release|Any CPU.ActiveCfg = Release|Any CPU
		{29F106DB-7554-4373-8116-702799F0E7C2}.Release|Any CPU.Build.0 = Release|Any CPU
		{604BD55E-2CFE-4CEF-A7EE-9C35EA92BA29}.Debug|Any CPU.ActiveCfg = Debug|Any CPU
		{604BD55E-2CFE-4CEF-A7EE-9C35EA92BA29}.Debug|Any CPU.Build.0 = Debug|Any CPU
		{604BD55E-2CFE-4CEF-A7EE-9C35EA92BA29}.Release|Any CPU.ActiveCfg = Release|Any CPU
		{604BD55E-2CFE-4CEF-A7EE-9C35EA92BA29}.Release|Any CPU.Build.0 = Release|Any CPU
		{B499AF92-F4FC-4970-82A2-B77061BBDA06}.Debug|Any CPU.ActiveCfg = Debug|Any CPU
		{B499AF92-F4FC-4970-82A2-B77061BBDA06}.Debug|Any CPU.Build.0 = Debug|Any CPU
		{B499AF92-F4FC-4970-82A2-B77061BBDA06}.Release|Any CPU.ActiveCfg = Release|Any CPU
		{B499AF92-F4FC-4970-82A2-B77061BBDA06}.Release|Any CPU.Build.0 = Release|Any CPU
	EndGlobalSection
	GlobalSection(SolutionProperties) = preSolution
		HideSolutionNode = FALSE
	EndGlobalSection
EndGlobal
